
Microsoft Visual Studio Solution File, Format Version 12.00
# Visual Studio Version 17
VisualStudioVersion = 17.14.36408.4
MinimumVisualStudioVersion = 10.0.40219.1
Project("{FAE04EC0-301F-11D3-BF4B-00C04F79EFBC}") = "CatalogoArticulos.UI", "CatalogoArticulos.UI\CatalogoArticulos.UI.csproj", "{DF364255-A8C3-45DB-86A4-CF32624AAAA4}"
EndProject
Global
	GlobalSection(SolutionConfigurationPlatforms) = preSolution
		Debug|Any CPU = Debug|Any CPU
		Release|Any CPU = Release|Any CPU
	EndGlobalSection
	GlobalSection(ProjectConfigurationPlatforms) = postSolution
		{DF364255-A8C3-45DB-86A4-CF32624AAAA4}.Debug|Any CPU.ActiveCfg = Debug|Any CPU
		{DF364255-A8C3-45DB-86A4-CF32624AAAA4}.Debug|Any CPU.Build.0 = Debug|Any CPU
		{DF364255-A8C3-45DB-86A4-CF32624AAAA4}.Release|Any CPU.ActiveCfg = Release|Any CPU
		{DF364255-A8C3-45DB-86A4-CF32624AAAA4}.Release|Any CPU.Build.0 = Release|Any CPU
	EndGlobalSection
	GlobalSection(SolutionProperties) = preSolution
		HideSolutionNode = FALSE
	EndGlobalSection
	GlobalSection(ExtensibilityGlobals) = postSolution
		SolutionGuid = {CCE1A922-CD16-4410-B545-1976B687A9D3}
	EndGlobalSection
EndGlobal
