
Microsoft Visual Studio Solution File, Format Version 12.00
# Visual Studio Version 17
VisualStudioVersion = 17.14.36408.4 d17.14
MinimumVisualStudioVersion = 10.0.40219.1
Project("{FAE04EC0-301F-11D3-BF4B-00C04F79EFBC}") = "CatalogoArticulos.UI", "CatalogoArticulos.UI\CatalogoArticulos.UI.csproj", "{DF364255-A8C3-45DB-86A4-CF32624AAAA4}"
EndProject
Project("{FAE04EC0-301F-11D3-BF4B-00C04F79EFBC}") = "CatalogoArticulos.Dominio", "CatalogoArticulos.Dominio\CatalogoArticulos.Dominio.csproj", "{530C67F7-94C1-42FC-9652-8161F9A09069}"
EndProject
Project("{FAE04EC0-301F-11D3-BF4B-00C04F79EFBC}") = "CatalogoArticulos.Datos", "CatalogoArticulos.Datos\CatalogoArticulos.Datos.csproj", "{5E547F67-281B-4F8E-AEC3-073DC14BB10E}"
EndProject
Project("{FAE04EC0-301F-11D3-BF4B-00C04F79EFBC}") = "CatalogoArticulos.Servicios", "CatalogoArticulos.Servicios\CatalogoArticulos.Servicios.csproj", "{77359B11-331E-4D1D-812B-B7F6961804C9}"
EndProject
Project("{FAE04EC0-301F-11D3-BF4B-00C04F79EFBC}") = "CatalogoArticulos.Comun", "CatalogoArticulos.Comun\CatalogoArticulos.Comun.csproj", "{8160E1D5-3FAB-4D86-BC8C-6B07D35CB9B9}"
EndProject
Global
	GlobalSection(SolutionConfigurationPlatforms) = preSolution
		Debug|Any CPU = Debug|Any CPU
		Release|Any CPU = Release|Any CPU
	EndGlobalSection
	GlobalSection(ProjectConfigurationPlatforms) = postSolution
		{DF364255-A8C3-45DB-86A4-CF32624AAAA4}.Debug|Any CPU.ActiveCfg = Debug|Any CPU
		{DF364255-A8C3-45DB-86A4-CF32624AAAA4}.Debug|Any CPU.Build.0 = Debug|Any CPU
		{DF364255-A8C3-45DB-86A4-CF32624AAAA4}.Release|Any CPU.ActiveCfg = Release|Any CPU
		{DF364255-A8C3-45DB-86A4-CF32624AAAA4}.Release|Any CPU.Build.0 = Release|Any CPU
		{530C67F7-94C1-42FC-9652-8161F9A09069}.Debug|Any CPU.ActiveCfg = Debug|Any CPU
		{530C67F7-94C1-42FC-9652-8161F9A09069}.Debug|Any CPU.Build.0 = Debug|Any CPU
		{530C67F7-94C1-42FC-9652-8161F9A09069}.Release|Any CPU.ActiveCfg = Release|Any CPU
		{530C67F7-94C1-42FC-9652-8161F9A09069}.Release|Any CPU.Build.0 = Release|Any CPU
		{5E547F67-281B-4F8E-AEC3-073DC14BB10E}.Debug|Any CPU.ActiveCfg = Debug|Any CPU
		{5E547F67-281B-4F8E-AEC3-073DC14BB10E}.Debug|Any CPU.Build.0 = Debug|Any CPU
		{5E547F67-281B-4F8E-AEC3-073DC14BB10E}.Release|Any CPU.ActiveCfg = Release|Any CPU
		{5E547F67-281B-4F8E-AEC3-073DC14BB10E}.Release|Any CPU.Build.0 = Release|Any CPU
		{77359B11-331E-4D1D-812B-B7F6961804C9}.Debug|Any CPU.ActiveCfg = Debug|Any CPU
		{77359B11-331E-4D1D-812B-B7F6961804C9}.Debug|Any CPU.Build.0 = Debug|Any CPU
		{77359B11-331E-4D1D-812B-B7F6961804C9}.Release|Any CPU.ActiveCfg = Release|Any CPU
		{77359B11-331E-4D1D-812B-B7F6961804C9}.Release|Any CPU.Build.0 = Release|Any CPU
		{8160E1D5-3FAB-4D86-BC8C-6B07D35CB9B9}.Debug|Any CPU.ActiveCfg = Debug|Any CPU
		{8160E1D5-3FAB-4D86-BC8C-6B07D35CB9B9}.Debug|Any CPU.Build.0 = Debug|Any CPU
		{8160E1D5-3FAB-4D86-BC8C-6B07D35CB9B9}.Release|Any CPU.ActiveCfg = Release|Any CPU
		{8160E1D5-3FAB-4D86-BC8C-6B07D35CB9B9}.Release|Any CPU.Build.0 = Release|Any CPU
	EndGlobalSection
	GlobalSection(SolutionProperties) = preSolution
		HideSolutionNode = FALSE
	EndGlobalSection
	GlobalSection(ExtensibilityGlobals) = postSolution
		SolutionGuid = {CCE1A922-CD16-4410-B545-1976B687A9D3}
	EndGlobalSection
EndGlobal
